
Microsoft Visual Studio Solution File, Format Version 12.00
# Visual Studio Version 17
VisualStudioVersion = 17.10.35013.160
MinimumVisualStudioVersion = 10.0.40219.1
Project("{9A19103F-16F7-4668-BE54-9A1E7A4F7556}") = "FoodReservation.Infrastructure", "FoodReservation\FoodReservation.Infrastructure.csproj", "{A3E8585A-6949-4732-9347-E55D0BEB58F7}"
EndProject
Project("{9A19103F-16F7-4668-BE54-9A1E7A4F7556}") = "FoodReservation.Domain", "FoodReservation.Domain\FoodReservation.Domain.csproj", "{ED07844C-5234-4D82-814E-C143BE87132D}"
EndProject
Project("{9A19103F-16F7-4668-BE54-9A1E7A4F7556}") = "FoodReservation.Application", "FoodReservation.Application\FoodReservation.Application.csproj", "{24EC0CA2-EE8C-4229-8FFC-7756CAF236EE}"
EndProject
Project("{2150E333-8FDC-42A3-9474-1A3956D46DE8}") = "Application", "Application", "{977FCDCF-4A87-4C7A-9411-D8E5EB90F8F4}"
EndProject
Project("{2150E333-8FDC-42A3-9474-1A3956D46DE8}") = "Tools", "Tools", "{D5910DA3-6254-47F6-83AA-DFD9AD1A6069}"
EndProject
Project("{9A19103F-16F7-4668-BE54-9A1E7A4F7556}") = "FoodReservation.DataGenerator", "FoodReservation.DataGenerator\FoodReservation.DataGenerator.csproj", "{A08F9B2E-D849-4246-B073-A8E2F98EE6D4}"
EndProject
Project("{2150E333-8FDC-42A3-9474-1A3956D46DE8}") = "Solution Items", "Solution Items", "{7547F39D-1E42-45D1-BA0E-9ACAD179F594}"
	ProjectSection(SolutionItems) = preProject
		.dockerignore = .dockerignore
		.env = .env
		Directory.Packages.props = Directory.Packages.props
	EndProjectSection
EndProject
Global
	GlobalSection(SolutionConfigurationPlatforms) = preSolution
		Debug|Any CPU = Debug|Any CPU
		Release|Any CPU = Release|Any CPU
	EndGlobalSection
	GlobalSection(ProjectConfigurationPlatforms) = postSolution
		{A3E8585A-6949-4732-9347-E55D0BEB58F7}.Debug|Any CPU.ActiveCfg = Debug|Any CPU
		{A3E8585A-6949-4732-9347-E55D0BEB58F7}.Debug|Any CPU.Build.0 = Debug|Any CPU
		{A3E8585A-6949-4732-9347-E55D0BEB58F7}.Release|Any CPU.ActiveCfg = Release|Any CPU
		{A3E8585A-6949-4732-9347-E55D0BEB58F7}.Release|Any CPU.Build.0 = Release|Any CPU
		{ED07844C-5234-4D82-814E-C143BE87132D}.Debug|Any CPU.ActiveCfg = Debug|Any CPU
		{ED07844C-5234-4D82-814E-C143BE87132D}.Debug|Any CPU.Build.0 = Debug|Any CPU
		{ED07844C-5234-4D82-814E-C143BE87132D}.Release|Any CPU.ActiveCfg = Release|Any CPU
		{ED07844C-5234-4D82-814E-C143BE87132D}.Release|Any CPU.Build.0 = Release|Any CPU
		{24EC0CA2-EE8C-4229-8FFC-7756CAF236EE}.Debug|Any CPU.ActiveCfg = Debug|Any CPU
		{24EC0CA2-EE8C-4229-8FFC-7756CAF236EE}.Debug|Any CPU.Build.0 = Debug|Any CPU
		{24EC0CA2-EE8C-4229-8FFC-7756CAF236EE}.Release|Any CPU.ActiveCfg = Release|Any CPU
		{24EC0CA2-EE8C-4229-8FFC-7756CAF236EE}.Release|Any CPU.Build.0 = Release|Any CPU
		{A08F9B2E-D849-4246-B073-A8E2F98EE6D4}.Debug|Any CPU.ActiveCfg = Debug|Any CPU
		{A08F9B2E-D849-4246-B073-A8E2F98EE6D4}.Debug|Any CPU.Build.0 = Debug|Any CPU
		{A08F9B2E-D849-4246-B073-A8E2F98EE6D4}.Release|Any CPU.ActiveCfg = Release|Any CPU
		{A08F9B2E-D849-4246-B073-A8E2F98EE6D4}.Release|Any CPU.Build.0 = Release|Any CPU
	EndGlobalSection
	GlobalSection(SolutionProperties) = preSolution
		HideSolutionNode = FALSE
	EndGlobalSection
	GlobalSection(NestedProjects) = preSolution
		{A3E8585A-6949-4732-9347-E55D0BEB58F7} = {977FCDCF-4A87-4C7A-9411-D8E5EB90F8F4}
		{ED07844C-5234-4D82-814E-C143BE87132D} = {977FCDCF-4A87-4C7A-9411-D8E5EB90F8F4}
		{24EC0CA2-EE8C-4229-8FFC-7756CAF236EE} = {977FCDCF-4A87-4C7A-9411-D8E5EB90F8F4}
		{A08F9B2E-D849-4246-B073-A8E2F98EE6D4} = {D5910DA3-6254-47F6-83AA-DFD9AD1A6069}
	EndGlobalSection
	GlobalSection(ExtensibilityGlobals) = postSolution
		SolutionGuid = {4443FF26-1BC6-4FDB-A0BE-BFBB3B4FC97C}
	EndGlobalSection
EndGlobal
